# THIS IS AN AUTOGENERATED FILE. DO NOT EDIT THIS FILE DIRECTLY.
# yarn lockfile v1


"@babel/runtime@7.9.6":
  version "7.9.6"
  resolved "https://registry.yarnpkg.com/@babel/runtime/-/runtime-7.9.6.tgz#a9102eb5cadedf3f31d08a9ecf294af7827ea29f"
  integrity sha512-64AF1xY3OAkFHqOb9s4jpgk1Mm5vDZ4L3acHvAml+53nO1XbXLuDodsVpO4OIUsmemlUHMxNdYMNJmsvOwLrvQ==
  dependencies:
    regenerator-runtime "^0.13.4"

"@babel/runtime@^7.16.3", "@babel/runtime@^7.6.2":
  version "7.17.9"
  resolved "https://registry.yarnpkg.com/@babel/runtime/-/runtime-7.17.9.tgz#d19fbf802d01a8cb6cf053a64e472d42c434ba72"
  integrity sha512-lSiBBvodq29uShpWGNbgFdKYNiFDo5/HIYsaCEY9ff4sb10x9jizo2+pRrSyF4jKZCXqgzuqBOQKbUm90gQwJg==
  dependencies:
    regenerator-runtime "^0.13.4"

"@formatjs/ecma402-abstract@1.11.4":
  version "1.11.4"
  resolved "https://registry.yarnpkg.com/@formatjs/ecma402-abstract/-/ecma402-abstract-1.11.4.tgz#b962dfc4ae84361f9f08fbce411b4e4340930eda"
  integrity sha512-EBikYFp2JCdIfGEb5G9dyCkTGDmC57KSHhRQOC3aYxoPWVZvfWCDjZwkGYHN7Lis/fmuWl906bnNTJifDQ3sXw==
  dependencies:
    "@formatjs/intl-localematcher" "0.2.25"
    tslib "^2.1.0"

"@formatjs/fast-memoize@1.2.1":
  version "1.2.1"
  resolved "https://registry.yarnpkg.com/@formatjs/fast-memoize/-/fast-memoize-1.2.1.tgz#e6f5aee2e4fd0ca5edba6eba7668e2d855e0fc21"
  integrity sha512-Rg0e76nomkz3vF9IPlKeV+Qynok0r7YZjL6syLz4/urSg0IbjPZCB/iYUMNsYA643gh4mgrX3T7KEIFIxJBQeg==
  dependencies:
    tslib "^2.1.0"

"@formatjs/icu-messageformat-parser@2.0.19":
  version "2.0.19"
  resolved "https://registry.yarnpkg.com/@formatjs/icu-messageformat-parser/-/icu-messageformat-parser-2.0.19.tgz#3a9ae986b9e42b6a833aceab010ee88e36020d26"
  integrity sha512-8HsLm9YLyVVIDMyBJb7wmve2wGd461cUwJ470eUog5YH5ZsF4p5lgvaJ+oGKxz1mrSMNNdDHU9v/NDsS+z+ilg==
  dependencies:
    "@formatjs/ecma402-abstract" "1.11.4"
    "@formatjs/icu-skeleton-parser" "1.3.6"
    tslib "^2.1.0"

"@formatjs/icu-skeleton-parser@1.3.6":
  version "1.3.6"
  resolved "https://registry.yarnpkg.com/@formatjs/icu-skeleton-parser/-/icu-skeleton-parser-1.3.6.tgz#4ce8c0737d6f07b735288177049e97acbf2e8964"
  integrity sha512-I96mOxvml/YLrwU2Txnd4klA7V8fRhb6JG/4hm3VMNmeJo1F03IpV2L3wWt7EweqNLES59SZ4d6hVOPCSf80Bg==
  dependencies:
    "@formatjs/ecma402-abstract" "1.11.4"
    tslib "^2.1.0"

"@formatjs/intl-localematcher@0.2.25":
  version "0.2.25"
  resolved "https://registry.yarnpkg.com/@formatjs/intl-localematcher/-/intl-localematcher-0.2.25.tgz#60892fe1b271ec35ba07a2eb018a2dd7bca6ea3a"
  integrity sha512-YmLcX70BxoSopLFdLr1Ds99NdlTI2oWoLbaUW2M406lxOIPzE1KQhRz2fPUkq34xVZQaihCoU29h0KK7An3bhA==
  dependencies:
    tslib "^2.1.0"

"@googlemaps/js-api-loader@^1.7.0":
  version "1.14.0"
  resolved "https://registry.yarnpkg.com/@googlemaps/js-api-loader/-/js-api-loader-1.14.0.tgz#7a1d3f0b7b53eabf797977ad0714b45069d5972e"
  integrity sha512-J6xBJ39LPgafGiOaq7jX8KaThX4/G2nqP9DCwXHawB66K4U5KxAzVJi0H5Q6/NgjF2bAubhKd6rDmvoDgIXldg==
  dependencies:
    fast-deep-equal "^3.1.3"

"@internationalized/date@3.0.0-alpha.3":
  version "3.0.0-alpha.3"
  resolved "https://registry.yarnpkg.com/@internationalized/date/-/date-3.0.0-alpha.3.tgz#ebd4a10001b1aa6f32f5a6b82ee98cb8c1334cb3"
  integrity sha512-lfUzsXEXNLSR5zmBlwBlNcawrJ8V+u9+JCyoTX76KAEuiHlKtk5wE7S0fMf1WllFHWdrENqy7LbN00FC3HhADQ==
  dependencies:
    "@babel/runtime" "^7.6.2"

"@internationalized/date@3.0.0-alpha.4":
  version "3.0.0-alpha.4"
  resolved "https://registry.yarnpkg.com/@internationalized/date/-/date-3.0.0-alpha.4.tgz#3c13bf4560f65e9f48893eb158a9b5e2d05a12e8"
  integrity sha512-kOJh6ugw8xraC46MLIQq8Cu+FyeCJKuHfY4eQPHkz4rPJmOiPGT0xYTYXqQHWcdFiwYSLNGvk/1DAMN7qRY1EA==
  dependencies:
    "@babel/runtime" "^7.6.2"

"@internationalized/message@^3.0.5":
  version "3.0.5"
  resolved "https://registry.yarnpkg.com/@internationalized/message/-/message-3.0.5.tgz#1c7c621ec8cbebb307c23bc2e05769bb3d636552"
  integrity sha512-DMQ9nQHr9XlP8Z0gCCaQ1j8ReuVGW5YrV+ZEMQLoGlHAg+mVILlZPIAgwB/5l3hi6xUIGQovMqpnGT3AypX1ig==
  dependencies:
    "@babel/runtime" "^7.6.2"
    intl-messageformat "^9.6.12"

"@internationalized/number@^3.0.5", "@internationalized/number@^3.0.6":
  version "3.0.6"
  resolved "https://registry.yarnpkg.com/@internationalized/number/-/number-3.0.6.tgz#ab8ff440268aaa119cf88b970621d51001bb624d"
  integrity sha512-6rKYYY/7V2rm45gg9ugV7VAV/1p5mHudgc1QJxJAdSddRWKz9RmSemV02pwE4k0mbsgvRRsqin7NgEb3LQFX9A==
  dependencies:
    "@babel/runtime" "^7.6.2"

"@mapbox/point-geometry@^0.1.0":
  version "0.1.0"
  resolved "https://registry.yarnpkg.com/@mapbox/point-geometry/-/point-geometry-0.1.0.tgz#8a83f9335c7860effa2eeeca254332aa0aeed8f2"
  integrity sha1-ioP5M1x4YO/6Lu7KJUMyqgru2PI=

"@next-auth/prisma-adapter@^1.0.3":
  version "1.0.3"
  resolved "https://registry.yarnpkg.com/@next-auth/prisma-adapter/-/prisma-adapter-1.0.3.tgz#cd6b866a3e281370ce64aa67daf320322a42a2b9"
  integrity sha512-3Lq1cD3ytKM3EGKJZ4UZvlqshLtlPvYxLeCrUV9ifYwYlq51kmDaHjsIawlp8EbH5pE1UhlsvtlXMery7RghtA==

"@next/env@12.1.5":
  version "12.1.5"
  resolved "https://registry.yarnpkg.com/@next/env/-/env-12.1.5.tgz#a21ba6708022d630402ca2b340316e69a0296dfc"
  integrity sha512-+34yUJslfJi7Lyx6ELuN8nWcOzi27izfYnZIC1Dqv7kmmfiBVxgzR3BXhlvEMTKC2IRJhXVs2FkMY+buQe3k7Q==

"@next/swc-android-arm-eabi@12.1.5":
  version "12.1.5"
  resolved "https://registry.yarnpkg.com/@next/swc-android-arm-eabi/-/swc-android-arm-eabi-12.1.5.tgz#36729ab3dfd7743e82cfe536b43254dcb146620c"
  integrity sha512-SKnGTdYcoN04Y2DvE0/Y7/MjkA+ltsmbuH/y/hR7Ob7tsj+8ZdOYuk+YvW1B8dY20nDPHP58XgDTSm2nA8BzzA==

"@next/swc-android-arm64@12.1.5":
  version "12.1.5"
  resolved "https://registry.yarnpkg.com/@next/swc-android-arm64/-/swc-android-arm64-12.1.5.tgz#52578f552305c92d0b9b81d603c9643fb71e0835"
  integrity sha512-YXiqgQ/9Rxg1dXp6brXbeQM1JDx9SwUY/36JiE+36FXqYEmDYbxld9qkX6GEzkc5rbwJ+RCitargnzEtwGW0mw==

"@next/swc-darwin-arm64@12.1.5":
  version "12.1.5"
  resolved "https://registry.yarnpkg.com/@next/swc-darwin-arm64/-/swc-darwin-arm64-12.1.5.tgz#3d5b53211484c72074f4975ba0ec2b1107db300e"
  integrity sha512-y8mhldb/WFZ6lFeowkGfi0cO/lBdiBqDk4T4LZLvCpoQp4Or/NzUN6P5NzBQZ5/b4oUHM/wQICEM+1wKA4qIVw==

"@next/swc-darwin-x64@12.1.5":
  version "12.1.5"
  resolved "https://registry.yarnpkg.com/@next/swc-darwin-x64/-/swc-darwin-x64-12.1.5.tgz#adcabb732d226453777c0d37d58eaff9328b66fd"
  integrity sha512-wqJ3X7WQdTwSGi0kIDEmzw34QHISRIQ5uvC+VXmsIlCPFcMA+zM5723uh8NfuKGquDMiEMS31a83QgkuHMYbwQ==

"@next/swc-linux-arm-gnueabihf@12.1.5":
  version "12.1.5"
  resolved "https://registry.yarnpkg.com/@next/swc-linux-arm-gnueabihf/-/swc-linux-arm-gnueabihf-12.1.5.tgz#82a7cde67482b756bc65fbebf1dfa8a782074e93"
  integrity sha512-WnhdM5duONMvt2CncAl+9pim0wBxDS2lHoo7ub/o/i1bRbs11UTzosKzEXVaTDCUkCX2c32lIDi1WcN2ZPkcdw==

"@next/swc-linux-arm64-gnu@12.1.5":
  version "12.1.5"
  resolved "https://registry.yarnpkg.com/@next/swc-linux-arm64-gnu/-/swc-linux-arm64-gnu-12.1.5.tgz#f82ca014504950aab751e81f467492e9be0bad5d"
  integrity sha512-Jq2H68yQ4bLUhR/XQnbw3LDW0GMQn355qx6rU36BthDLeGue7YV7MqNPa8GKvrpPocEMW77nWx/1yI6w6J07gw==

"@next/swc-linux-arm64-musl@12.1.5":
  version "12.1.5"
  resolved "https://registry.yarnpkg.com/@next/swc-linux-arm64-musl/-/swc-linux-arm64-musl-12.1.5.tgz#f811ec9f4b12a978426c284c95ab2f515ddf7f9e"
  integrity sha512-KgPjwdbhDqXI7ghNN8V/WAiLquc9Ebe8KBrNNEL0NQr+yd9CyKJ6KqjayVkmX+hbHzbyvbui/5wh/p3CZQ9xcQ==

"@next/swc-linux-x64-gnu@12.1.5":
  version "12.1.5"
  resolved "https://registry.yarnpkg.com/@next/swc-linux-x64-gnu/-/swc-linux-x64-gnu-12.1.5.tgz#d44857257e6d20dc841998951d584ab1f25772c3"
  integrity sha512-O2ErUTvCJ6DkNTSr9pbu1n3tcqykqE/ebty1rwClzIYdOgpB3T2MfEPP+K7GhUR87wmN/hlihO9ch7qpVFDGKw==

"@next/swc-linux-x64-musl@12.1.5":
  version "12.1.5"
  resolved "https://registry.yarnpkg.com/@next/swc-linux-x64-musl/-/swc-linux-x64-musl-12.1.5.tgz#3cc523abadc9a2a6de680593aff06e71cc29ecef"
  integrity sha512-1eIlZmlO/VRjxxzUBcVosf54AFU3ltAzHi+BJA+9U/lPxCYIsT+R4uO3QksRzRjKWhVQMRjEnlXyyq5SKJm7BA==

"@next/swc-win32-arm64-msvc@12.1.5":
  version "12.1.5"
  resolved "https://registry.yarnpkg.com/@next/swc-win32-arm64-msvc/-/swc-win32-arm64-msvc-12.1.5.tgz#c62232d869f1f9b22e8f24e4e7f05307c20f30ca"
  integrity sha512-oromsfokbEuVb0CBLLE7R9qX3KGXucZpsojLpzUh1QJjuy1QkrPJncwr8xmWQnwgtQ6ecMWXgXPB+qtvizT9Tw==

"@next/swc-win32-ia32-msvc@12.1.5":
  version "12.1.5"
  resolved "https://registry.yarnpkg.com/@next/swc-win32-ia32-msvc/-/swc-win32-ia32-msvc-12.1.5.tgz#2bd9b28a9ba730d12a493e7d9d18e150fe89d496"
  integrity sha512-a/51L5KzBpeZSW9LbekMo3I3Cwul+V+QKwbEIMA+Qwb2qrlcn1L9h3lt8cHqNTFt2y72ce6aTwDTw1lyi5oIRA==

"@next/swc-win32-x64-msvc@12.1.5":
  version "12.1.5"
  resolved "https://registry.yarnpkg.com/@next/swc-win32-x64-msvc/-/swc-win32-x64-msvc-12.1.5.tgz#02f377e4d41eaaacf265e34bab9bacd8efc4a351"
  integrity sha512-/SoXW1Ntpmpw3AXAzfDRaQidnd8kbZ2oSni8u5z0yw6t4RwJvmdZy1eOaAADRThWKV+2oU90++LSnXJIwBRWYQ==

"@nextui-org/react@^1.0.8-beta.5":
  version "1.0.8-beta.5"
  resolved "https://registry.yarnpkg.com/@nextui-org/react/-/react-1.0.8-beta.5.tgz#7168e6dd7ee8872c7e8f0078a8455c28cc25e6eb"
  integrity sha512-rLM3PPuo0bNSp+WpawDUGRsa4FQTPuYwLEa6v9jSYzJMbSPr265LCOopn+h9o95CAFBJ48C1laSnnJ4SEEE0DQ==
  dependencies:
    "@babel/runtime" "7.9.6"
    "@react-aria/button" "3.4.3"
    "@react-aria/checkbox" "3.3.0"
    "@react-aria/focus" "3.5.1"
    "@react-aria/i18n" "3.3.6"
    "@react-aria/interactions" "3.8.0"
    "@react-aria/label" "3.2.2"
    "@react-aria/ssr" "3.1.2"
    "@react-aria/table" "3.2.1"
    "@react-aria/utils" "3.11.1"
    "@react-aria/visually-hidden" "3.2.4"
    "@react-stately/checkbox" "3.0.6"
    "@react-stately/data" "3.4.5"
    "@react-stately/table" "3.1.1"
    "@react-stately/toggle" "3.2.4"
    "@react-types/button" "^3.4.4"
    "@react-types/checkbox" "3.2.6"
    "@react-types/grid" "3.0.1"
    "@react-types/shared" "3.11.0"
    "@stitches/react" "1.2.7"

"@panva/hkdf@^1.0.1":
  version "1.0.1"
  resolved "https://registry.yarnpkg.com/@panva/hkdf/-/hkdf-1.0.1.tgz#ed0da773bd5f794d0603f5a5b5cee6d2354e5660"
  integrity sha512-mMyQ9vjpuFqePkfe5bZVIf/H3Dmk6wA8Kjxff9RcO4kqzJo+Ek9pGKwZHpeMr7Eku0QhLXMCd7fNCSnEnRMubg==

"@prisma/client@^3.12.0":
  version "3.12.0"
  resolved "https://registry.yarnpkg.com/@prisma/client/-/client-3.12.0.tgz#a0eb49ffea5c128dd11dffb896d7139a60073d12"
  integrity sha512-4NEQjUcWja/NVBvfuDFscWSk1/rXg3+wj+TSkqXCb1tKlx/bsUE00rxsvOvGg7VZ6lw1JFpGkwjwmsOIc4zvQw==
  dependencies:
    "@prisma/engines-version" "3.12.0-37.22b822189f46ef0dc5c5b503368d1bee01213980"

"@prisma/engines-version@3.12.0-37.22b822189f46ef0dc5c5b503368d1bee01213980":
  version "3.12.0-37.22b822189f46ef0dc5c5b503368d1bee01213980"
  resolved "https://registry.yarnpkg.com/@prisma/engines-version/-/engines-version-3.12.0-37.22b822189f46ef0dc5c5b503368d1bee01213980.tgz#829ca3d9d0d92555f44644606d4edfd45b2f5886"
  integrity sha512-o+jo8d7ZEiVpcpNWUDh3fj2uPQpBxl79XE9ih9nkogJbhw6P33274SHnqheedZ7PyvPIK/mvU8MLNYgetgXPYw==

"@prisma/engines@3.12.0-37.22b822189f46ef0dc5c5b503368d1bee01213980":
  version "3.12.0-37.22b822189f46ef0dc5c5b503368d1bee01213980"
  resolved "https://registry.yarnpkg.com/@prisma/engines/-/engines-3.12.0-37.22b822189f46ef0dc5c5b503368d1bee01213980.tgz#e52e364084c4d05278f62768047b788665e64a45"
  integrity sha512-zULjkN8yhzS7B3yeEz4aIym4E2w1ChrV12i14pht3ePFufvsAvBSoZ+tuXMvfSoNTgBS5E4bolRzLbMmbwkkMQ==

"@react-aria/button@3.4.3":
  version "3.4.3"
  resolved "https://registry.yarnpkg.com/@react-aria/button/-/button-3.4.3.tgz#43462489ecedbb7e7a138d513950c77b70bfec9c"
  integrity sha512-OMUuMu9UrBPv89DtAytRKDjD1YYkBY+Q2BCDs0OkRC1wjuWagCXji/f7ro7p6BSccIDRBdE6Lsi9OZmSJeTcqw==
  dependencies:
    "@babel/runtime" "^7.6.2"
    "@react-aria/focus" "^3.5.4"
    "@react-aria/interactions" "^3.8.3"
    "@react-aria/utils" "^3.11.3"
    "@react-stately/toggle" "^3.2.6"
    "@react-types/button" "^3.4.4"

"@react-aria/checkbox@3.3.0":
  version "3.3.0"
  resolved "https://registry.yarnpkg.com/@react-aria/checkbox/-/checkbox-3.3.0.tgz#616d8e566b7365003c5a3efb8fc9ac8764f56a05"
  integrity sha512-0PVUYoflY4iVnFkn/fFKUDZSluNCZ8wO4M2bXhklbc7LneOw6uZbx9DkRrbk1bqLFLlJzoTAXmy1eXtNASZ9Gg==
  dependencies:
    "@babel/runtime" "^7.6.2"
    "@react-aria/label" "^3.2.2"
    "@react-aria/toggle" "^3.2.0"
    "@react-aria/utils" "^3.11.1"
    "@react-stately/checkbox" "^3.0.4"
    "@react-stately/toggle" "^3.2.4"
    "@react-types/checkbox" "^3.2.4"

"@react-aria/focus@3.5.1":
  version "3.5.1"
  resolved "https://registry.yarnpkg.com/@react-aria/focus/-/focus-3.5.1.tgz#b3d0cd5877c844db7f6fb28ba3eec1516dc3b123"
  integrity sha512-8TTlxekumLxFZo0GELVUDCv6olQTMlGtobeGNaf0MVoonGz5oukjjPa3DB+PZRxMduTotRlniqpejnZi4fzMDw==
  dependencies:
    "@babel/runtime" "^7.6.2"
    "@react-aria/interactions" "^3.8.0"
    "@react-aria/utils" "^3.11.1"
    "@react-types/shared" "^3.11.0"
    clsx "^1.1.1"

"@react-aria/focus@^3.5.1", "@react-aria/focus@^3.5.4":
  version "3.5.4"
  resolved "https://registry.yarnpkg.com/@react-aria/focus/-/focus-3.5.4.tgz#8eb8234bae15421eb6d7926f656b291cee6e19a2"
  integrity sha512-N70J6boUPUKjBfGnYDwUXi1r0HKjvo7RmD381QbDBqZNy/j5v/pgQ+aauSuIlsHa/TmmiRuynIm4Q0sWN4/hbQ==
  dependencies:
    "@babel/runtime" "^7.6.2"
    "@react-aria/interactions" "^3.8.3"
    "@react-aria/utils" "^3.11.3"
    "@react-types/shared" "^3.11.2"
    clsx "^1.1.1"

"@react-aria/grid@^3.2.1":
  version "3.2.5"
  resolved "https://registry.yarnpkg.com/@react-aria/grid/-/grid-3.2.5.tgz#8b1cf8c1b98324dc4355c7adcfaaa1e26e1ee12a"
  integrity sha512-wtE+ufepg96bZW2pAEQD2MpBg0VMo0BrAuN4LDoviP3gqc9ViEUxIUu1hoSgsQqkCJI4ZIKrS+2ITH/G60W9lw==
  dependencies:
    "@babel/runtime" "^7.6.2"
    "@react-aria/focus" "^3.5.4"
    "@react-aria/i18n" "^3.3.8"
    "@react-aria/interactions" "^3.8.3"
    "@react-aria/live-announcer" "^3.0.5"
    "@react-aria/selection" "^3.8.1"
    "@react-aria/utils" "^3.11.3"
    "@react-stately/grid" "^3.1.3"
    "@react-stately/selection" "^3.9.3"
    "@react-stately/virtualizer" "^3.1.8"
    "@react-types/checkbox" "^3.2.6"
    "@react-types/grid" "^3.0.3"
    "@react-types/shared" "^3.11.2"

"@react-aria/i18n@3.3.6":
  version "3.3.6"
  resolved "https://registry.yarnpkg.com/@react-aria/i18n/-/i18n-3.3.6.tgz#94dd8d5de3ce6bba845461230d04189ae9683651"
  integrity sha512-GOogCx5UR3RpkJSceQwwenLctaK7tbDP0DKzmaWQv1ZNUg9nr35w65VMq46WIGz2dIQhqydTagZP1Exci1KhkQ==
  dependencies:
    "@babel/runtime" "^7.6.2"
    "@internationalized/date" "3.0.0-alpha.3"
    "@internationalized/message" "^3.0.5"
    "@internationalized/number" "^3.0.5"
    "@react-aria/ssr" "^3.1.2"
    "@react-aria/utils" "^3.11.2"
    "@react-types/shared" "^3.11.1"

"@react-aria/i18n@^3.3.5", "@react-aria/i18n@^3.3.8":
  version "3.3.8"
  resolved "https://registry.yarnpkg.com/@react-aria/i18n/-/i18n-3.3.8.tgz#a5144504f24ebc123fa647f11afb5d7a01db42a8"
  integrity sha512-9yEaBRJ6Lxd20mUPvzorIJraYp3TD1yKRo4BTTuO/Om9BPSp1VW8JhUuyMZNouo1oQffxddFXqppuayLPwhJlQ==
  dependencies:
    "@babel/runtime" "^7.6.2"
    "@internationalized/date" "3.0.0-alpha.4"
    "@internationalized/message" "^3.0.5"
    "@internationalized/number" "^3.0.6"
    "@react-aria/ssr" "^3.1.2"
    "@react-aria/utils" "^3.11.3"
    "@react-types/shared" "^3.11.2"

"@react-aria/interactions@3.8.0":
  version "3.8.0"
  resolved "https://registry.yarnpkg.com/@react-aria/interactions/-/interactions-3.8.0.tgz#38f10329b7c0966dd791bc84716d7ba75bfd4715"
  integrity sha512-2NPyk9JM/Obd49+xm9pnSq8dGbe9t1YtQDZprOs/2hyyP6kZEfvQX1NruXcC+SuAMUPwI4R2eiCgLuMfkeUYrA==
  dependencies:
    "@babel/runtime" "^7.6.2"
    "@react-aria/utils" "^3.11.1"
    "@react-types/shared" "^3.11.0"

"@react-aria/interactions@^3.8.0", "@react-aria/interactions@^3.8.3":
  version "3.8.3"
  resolved "https://registry.yarnpkg.com/@react-aria/interactions/-/interactions-3.8.3.tgz#31a913acee8199a827fe351f7d867a10706477a1"
  integrity sha512-zffWRqhEk4SQNbr5sv3BnMIsmQjtdhXvv3FLn9Ch0HxxGb8VStjrVPEv7r9OtVodab+ThcUehL4NJ8zU/U/4ew==
  dependencies:
    "@babel/runtime" "^7.6.2"
    "@react-aria/utils" "^3.11.3"
    "@react-types/shared" "^3.11.2"

"@react-aria/label@3.2.2":
  version "3.2.2"
  resolved "https://registry.yarnpkg.com/@react-aria/label/-/label-3.2.2.tgz#e60db8dc567dd87f6ea9c3c30bb36eec8635dc06"
  integrity sha512-boOXJJGp2+Rqmvqwj/ElfVGsK37/rLUcTZ9fzvN261TAj5mk8QITQ0ii9t6ueNJuuTVDucvOO6NtDhgWRYc4+A==
  dependencies:
    "@babel/runtime" "^7.6.2"
    "@react-aria/utils" "^3.11.1"
    "@react-types/label" "^3.5.1"
    "@react-types/shared" "^3.11.0"

"@react-aria/label@^3.2.2":
  version "3.2.4"
  resolved "https://registry.yarnpkg.com/@react-aria/label/-/label-3.2.4.tgz#4e9fe84cdcb48f82765354d669667334ee9765fe"
  integrity sha512-aE1oQSTBX++uG0SRKt99FQqGGzVjxUk/he8Ek+L1vX9BDuiESWTrix688WEUYeKU1B6+bduJlO2JwmcEWjafyA==
  dependencies:
    "@babel/runtime" "^7.6.2"
    "@react-aria/utils" "^3.11.3"
    "@react-types/label" "^3.5.3"
    "@react-types/shared" "^3.11.2"

"@react-aria/live-announcer@^3.0.2", "@react-aria/live-announcer@^3.0.5":
  version "3.0.5"
  resolved "https://registry.yarnpkg.com/@react-aria/live-announcer/-/live-announcer-3.0.5.tgz#88435202e7d22c33ca5770b605df89fe028e17d2"
  integrity sha512-soIfCI8koNu3ZFlXzeYFnw3nzYqXt/yMDq9lhGXe/XbJ7Zq8m5Q4f+JhMhnAMN2OmazysJafXuq7rLp8wCv/TA==
  dependencies:
    "@babel/runtime" "^7.6.2"
    "@react-aria/utils" "^3.11.3"
    "@react-aria/visually-hidden" "^3.2.7"

"@react-aria/selection@^3.7.2", "@react-aria/selection@^3.8.1":
  version "3.8.1"
  resolved "https://registry.yarnpkg.com/@react-aria/selection/-/selection-3.8.1.tgz#6b77b84764a3197917cb8c6426246211a6eb7d16"
  integrity sha512-Nt6CtP+fZw4/oj/x9Ql+y41uaRGCA8qtyLIthFWorj+zniP4j0EPgT3iWuePgjk5mBxW5rQPdIJbg1pFFuEU8w==
  dependencies:
    "@babel/runtime" "^7.6.2"
    "@react-aria/focus" "^3.5.4"
    "@react-aria/i18n" "^3.3.8"
    "@react-aria/interactions" "^3.8.3"
    "@react-aria/utils" "^3.11.3"
    "@react-stately/collections" "^3.3.7"
    "@react-stately/selection" "^3.9.3"
    "@react-types/shared" "^3.11.2"

"@react-aria/ssr@3.1.2", "@react-aria/ssr@^3.1.1", "@react-aria/ssr@^3.1.2":
  version "3.1.2"
  resolved "https://registry.yarnpkg.com/@react-aria/ssr/-/ssr-3.1.2.tgz#665a6fd56385068c7417922af2d0d71b0618e52d"
  integrity sha512-amXY11ImpokvkTMeKRHjsSsG7v1yzzs6yeqArCyBIk60J3Yhgxwx9Cah+Uu/804ATFwqzN22AXIo7SdtIaMP+g==
  dependencies:
    "@babel/runtime" "^7.6.2"

"@react-aria/table@3.2.1":
  version "3.2.1"
  resolved "https://registry.yarnpkg.com/@react-aria/table/-/table-3.2.1.tgz#e75b011eee49edf61ce75e253dbc69b99b2c6a19"
  integrity sha512-wFWpgMGzF8fcsYfl6etbAv8V7minb1AnF/vnOZrmHwqec+/QpxMm8B4ZIUH8JqNR9bAo9Rt+HF+8xsbOjZHj2g==
  dependencies:
    "@babel/runtime" "^7.6.2"
    "@react-aria/focus" "^3.5.1"
    "@react-aria/grid" "^3.2.1"
    "@react-aria/i18n" "^3.3.5"
    "@react-aria/interactions" "^3.8.0"
    "@react-aria/live-announcer" "^3.0.2"
    "@react-aria/selection" "^3.7.2"
    "@react-aria/utils" "^3.11.1"
    "@react-stately/table" "^3.1.1"
    "@react-stately/virtualizer" "3.1.7-alpha.0"
    "@react-types/checkbox" "^3.2.4"
    "@react-types/grid" "^3.0.1"
    "@react-types/shared" "^3.11.0"
    "@react-types/table" "^3.1.1"

"@react-aria/toggle@^3.2.0":
  version "3.2.3"
  resolved "https://registry.yarnpkg.com/@react-aria/toggle/-/toggle-3.2.3.tgz#d99fb7a9845db6c2229ac4c96407ca818b407ed5"
  integrity sha512-cB3gGV0pAEP6iDq4HLDQwW/6TTswOUyGbZBTXAjJNJRUa+RsZl/uO3odBoQBo4ToohsLHvL6OcrZxWFlbZsUbw==
  dependencies:
    "@babel/runtime" "^7.6.2"
    "@react-aria/focus" "^3.5.4"
    "@react-aria/interactions" "^3.8.3"
    "@react-aria/utils" "^3.11.3"
    "@react-stately/toggle" "^3.2.6"
    "@react-types/checkbox" "^3.2.6"
    "@react-types/shared" "^3.11.2"
    "@react-types/switch" "^3.1.5"

"@react-aria/utils@3.11.1":
  version "3.11.1"
  resolved "https://registry.yarnpkg.com/@react-aria/utils/-/utils-3.11.1.tgz#1dd43563041c7b1e5d85c50bd725cab85571c0fe"
  integrity sha512-sD/9EVinZIvuvzAjJMs2YYOz74DELolU0pDBHWuFAAOffJw9gBy8X/HxkmG91X4gwxRzy9jlJAFEEChoqtmHFA==
  dependencies:
    "@babel/runtime" "^7.6.2"
    "@react-aria/ssr" "^3.1.1"
    "@react-stately/utils" "^3.4.0"
    "@react-types/shared" "^3.11.0"
    clsx "^1.1.1"

"@react-aria/utils@^3.11.1", "@react-aria/utils@^3.11.2", "@react-aria/utils@^3.11.3":
  version "3.11.3"
  resolved "https://registry.yarnpkg.com/@react-aria/utils/-/utils-3.11.3.tgz#fd870e1c4b994967883d5d5dae6b14b4e6da2d16"
  integrity sha512-EH3SyA3FtbhuOj1cgGveiEYidKe3CgGYkP8D57O46rlTWcgTxhGHUEibGeJw3PFXxmbgm5RIOdBo29YwItvtcQ==
  dependencies:
    "@babel/runtime" "^7.6.2"
    "@react-aria/ssr" "^3.1.2"
    "@react-stately/utils" "^3.4.1"
    "@react-types/shared" "^3.11.2"
    clsx "^1.1.1"

"@react-aria/visually-hidden@3.2.4":
  version "3.2.4"
  resolved "https://registry.yarnpkg.com/@react-aria/visually-hidden/-/visually-hidden-3.2.4.tgz#c38e76421142e0fe0d55421e0d48c6a763f7ac7e"
  integrity sha512-o1ToUW+/kQ8+PWOuEFxW77eT9ZhLjws+Ynik1ew4ocgJGQyPpFQ0P2riM9idopXOzLmuUyHeBMGPN1JnTwQ4ZQ==
  dependencies:
    "@babel/runtime" "^7.6.2"
    "@react-aria/interactions" "^3.8.0"
    "@react-aria/utils" "^3.11.1"
    clsx "^1.1.1"

"@react-aria/visually-hidden@^3.2.7":
  version "3.2.7"
  resolved "https://registry.yarnpkg.com/@react-aria/visually-hidden/-/visually-hidden-3.2.7.tgz#1b88892e10648c5fe6634be325baa66430c3e53f"
  integrity sha512-rvE0N91nBa7DxcH6KyapjttWQJFhRqeFBfGA9oCeGgTYLsn5CBvnKMLQEm2Z7ZlUcl08Xh2nB2KxKrRQ4ldYlw==
  dependencies:
    "@babel/runtime" "^7.6.2"
    "@react-aria/interactions" "^3.8.3"
    "@react-aria/utils" "^3.11.3"
    clsx "^1.1.1"

"@react-stately/checkbox@3.0.6", "@react-stately/checkbox@^3.0.4":
  version "3.0.6"
  resolved "https://registry.yarnpkg.com/@react-stately/checkbox/-/checkbox-3.0.6.tgz#6c3e125902f4478f6b8abf3e78a088804c66ae28"
  integrity sha512-RrXJlEtp2q3g6Yex9QI8/tRJhIDmG1oKc5+VyVvdxp0NXtK0Zz+ycIlXuzcI5gwlBemv5ETxbIG4p5gdNXVeKA==
  dependencies:
    "@babel/runtime" "^7.6.2"
    "@react-stately/toggle" "^3.2.6"
    "@react-stately/utils" "^3.4.1"
    "@react-types/checkbox" "^3.2.6"

"@react-stately/collections@^3.3.5", "@react-stately/collections@^3.3.7":
  version "3.3.7"
  resolved "https://registry.yarnpkg.com/@react-stately/collections/-/collections-3.3.7.tgz#d548ac4f352aefa9d89f6f4b800f4810bef79eb3"
  integrity sha512-SbXFsImuxzKed6tzIZeKnkO4631PPoR+apSv2J42qbUEZ0tuyD6a+vQ9lkB1P06bZ0zAjDg5oNOwqGo4yUvp/Q==
  dependencies:
    "@babel/runtime" "^7.6.2"
    "@react-types/shared" "^3.11.2"

"@react-stately/data@3.4.5":
  version "3.4.5"
  resolved "https://registry.yarnpkg.com/@react-stately/data/-/data-3.4.5.tgz#791bb662be536fd29c80f0cf2eace4baac10324c"
  integrity sha512-IbAuoG6iuO52eKLhB7lvo3i7nAk76i8Q8eqkAkyx2w6Yi68cruUyQ2kmx/FoNyCSfKyGCGT8VOSSYBR3mxjpvw==
  dependencies:
    "@babel/runtime" "^7.6.2"
    "@react-types/shared" "^3.11.1"

"@react-stately/grid@^3.1.1", "@react-stately/grid@^3.1.3":
  version "3.1.3"
  resolved "https://registry.yarnpkg.com/@react-stately/grid/-/grid-3.1.3.tgz#e65712343535f5c9d109c1e42e6e5e272f1392b7"
  integrity sha512-NDNCxq+6f2wxoA+i/Rp99GCieMwFwSjWJU9eVTQCYCA5gp6mp7occnlh5840xTDtkJbb9uAsm6Ikv5+I5a42gA==
  dependencies:
    "@babel/runtime" "^7.6.2"
    "@react-stately/selection" "^3.9.3"
    "@react-types/grid" "^3.0.3"
    "@react-types/shared" "^3.11.2"

"@react-stately/selection@^3.9.1", "@react-stately/selection@^3.9.3":
  version "3.9.3"
  resolved "https://registry.yarnpkg.com/@react-stately/selection/-/selection-3.9.3.tgz#e40cadb8a248be189b919f256e55665d69219629"
  integrity sha512-Bg3qa6zuQcTbkQFwNr8e3WjyOBNRSf0ql9qn5HeQvDxnH8z65oqm0MKQ7FOiKSj7XEc/agZK8/yd8fQoeAHnXg==
  dependencies:
    "@babel/runtime" "^7.6.2"
    "@react-stately/collections" "^3.3.7"
    "@react-stately/utils" "^3.4.1"
    "@react-types/shared" "^3.11.2"

"@react-stately/table@3.1.1":
  version "3.1.1"
  resolved "https://registry.yarnpkg.com/@react-stately/table/-/table-3.1.1.tgz#0a82f2a165d99bb658a39452d14d41d03008f1a0"
  integrity sha512-4sLTv88xd/sM4utcbCB/WS9LawblzLWThOuKKMxllkR/QrMQklH9FLiLVs20doSVN/CdNvER5IFkl0+NNFYMjg==
  dependencies:
    "@babel/runtime" "^7.6.2"
    "@react-stately/collections" "^3.3.5"
    "@react-stately/grid" "^3.1.1"
    "@react-stately/selection" "^3.9.1"
    "@react-types/grid" "^3.0.1"
    "@react-types/shared" "^3.11.0"
    "@react-types/table" "^3.1.1"

"@react-stately/table@^3.1.1":
  version "3.1.3"
  resolved "https://registry.yarnpkg.com/@react-stately/table/-/table-3.1.3.tgz#23583a2bff89f74b84ced3398edeaba1efd70c04"
  integrity sha512-HSsamFabtCSHib4A5rxXBtfKPd0InXjXSoaxUNi6RLOyptULMA06q1ShbWDEijTYGQI5Pfevs/5bgLonj0enbg==
  dependencies:
    "@babel/runtime" "^7.6.2"
    "@react-stately/collections" "^3.3.7"
    "@react-stately/grid" "^3.1.3"
    "@react-stately/selection" "^3.9.3"
    "@react-types/grid" "^3.0.3"
    "@react-types/shared" "^3.11.2"
    "@react-types/table" "^3.1.3"

"@react-stately/toggle@3.2.4":
  version "3.2.4"
  resolved "https://registry.yarnpkg.com/@react-stately/toggle/-/toggle-3.2.4.tgz#9767543d79f8615ce0644056fafdaff380519ac6"
  integrity sha512-WMyrs20vBPIkaP0PFjWQiZSaZoWQDNvtbCVAf6UH/0MTPMqJDR+r4dH8q9C+aOqM4UHiR3wQa2JjiwAxj5rSXQ==
  dependencies:
    "@babel/runtime" "^7.6.2"
    "@react-stately/utils" "^3.4.0"
    "@react-types/checkbox" "^3.2.4"
    "@react-types/shared" "^3.11.0"

"@react-stately/toggle@^3.2.4", "@react-stately/toggle@^3.2.6":
  version "3.2.6"
  resolved "https://registry.yarnpkg.com/@react-stately/toggle/-/toggle-3.2.6.tgz#4f4558d13700d5f9486037e45a585daf9b2ed1c9"
  integrity sha512-M/+iX6eHYZScKfaOQvp3KqityOuRTWLOgskCNlnQBTq5VSszuD2p4uWxJQWXq3DbU+q872Fz4vJ7eTc2l9YA/Q==
  dependencies:
    "@babel/runtime" "^7.6.2"
    "@react-stately/utils" "^3.4.1"
    "@react-types/checkbox" "^3.2.6"
    "@react-types/shared" "^3.11.2"

"@react-stately/utils@^3.4.0", "@react-stately/utils@^3.4.1":
  version "3.4.1"
  resolved "https://registry.yarnpkg.com/@react-stately/utils/-/utils-3.4.1.tgz#56f049aa1704d338968b5973c796ee606e9c0c62"
  integrity sha512-mjFbKklj/W8KRw1CQSpUJxHd7lhUge4i00NwJTwGxbzmiJgsTWlKKS/1rBf48ey9hUBopXT5x5vG/AxQfWTQug==
  dependencies:
    "@babel/runtime" "^7.6.2"

"@react-stately/virtualizer@3.1.7-alpha.0":
  version "3.1.7-alpha.0"
  resolved "https://registry.yarnpkg.com/@react-stately/virtualizer/-/virtualizer-3.1.7-alpha.0.tgz#a8701793619cc3b2709680b1c23b5c97b91e5851"
  integrity sha512-0M7HUIJclA20wAdHslMlSrzsyI5TidZXBNVj8xz49CUAwIl+MHp4vCY+IsitnFvtvB0dSvax9XfD9Rnr23Tzlw==
  dependencies:
    "@babel/runtime" "^7.6.2"
    "@react-aria/utils" "^3.11.1"
    "@react-types/shared" "^3.11.0"

"@react-stately/virtualizer@^3.1.8":
  version "3.1.8"
  resolved "https://registry.yarnpkg.com/@react-stately/virtualizer/-/virtualizer-3.1.8.tgz#3db13c212e99d3ad91ee4466ededadb7133656f0"
  integrity sha512-tqOv9UiDgP8y9XJFFmV5tyuiJGmM5rMH4p8VpqNl/1ZgCmqt0XEPEVybYo1RsZoEcVVnZNXeYSLckCxXA307yg==
  dependencies:
    "@babel/runtime" "^7.6.2"
    "@react-aria/utils" "^3.11.3"
    "@react-types/shared" "^3.11.2"

"@react-types/button@^3.4.4":
  version "3.4.4"
  resolved "https://registry.yarnpkg.com/@react-types/button/-/button-3.4.4.tgz#5d6e6487ddebb038cb37291165a681db75a6c45a"
  integrity sha512-PdHoNC2ezkzfneRdDTWJ8dOzL56MnLzjcDpnHRTbGFsWrwe+wAywls2ZJR6m411RyRim4A6+1UIKXga9AJ43uA==
  dependencies:
    "@react-types/shared" "^3.11.2"

"@react-types/checkbox@3.2.6", "@react-types/checkbox@^3.2.4", "@react-types/checkbox@^3.2.6":
  version "3.2.6"
  resolved "https://registry.yarnpkg.com/@react-types/checkbox/-/checkbox-3.2.6.tgz#61fd70857bdd2d6da9289892ea366f305ab47ed6"
  integrity sha512-bOQAnnDEpXL1P4oRBiwjnOskKQtawc+JcRZzQk/9k7NwKWfv5MHG/MFDJsW057GPm9Ks0onNATohtw6LFvzAQA==
  dependencies:
    "@react-types/shared" "^3.11.2"

"@react-types/grid@3.0.1":
  version "3.0.1"
  resolved "https://registry.yarnpkg.com/@react-types/grid/-/grid-3.0.1.tgz#49979b5f5721a6eb268beba4a87c463d7a92d9cc"
  integrity sha512-D5pEItMhT3Khz9xDdkC5hi6gAKVjjuSSCD8VxzDxd885Kk1xWJZjsYPCDKNFaifmt7LZEXo4JiAMg2M2WRqiQA==
  dependencies:
    "@react-types/shared" "^3.11.0"

"@react-types/grid@^3.0.1", "@react-types/grid@^3.0.3":
  version "3.0.3"
  resolved "https://registry.yarnpkg.com/@react-types/grid/-/grid-3.0.3.tgz#5fd09e1e19c0e1887d1b3f57e08e3a6154ffe428"
  integrity sha512-zIzRV7HULy0FlzWUQLaq6Mwr0bk3+s6+ZwzJeTq+dm1wYIcWr47AK4GsDUzHZo06CDEZBBIEvEU6sN29AzF8EQ==
  dependencies:
    "@react-types/shared" "^3.11.2"

"@react-types/label@^3.5.1", "@react-types/label@^3.5.3":
  version "3.5.3"
  resolved "https://registry.yarnpkg.com/@react-types/label/-/label-3.5.3.tgz#46c071abbc78a1678c796663b29166bc65d7b486"
  integrity sha512-YleKhsN2j17tQx2B8W6Hq8bVzIY/Q5b5YS/8oyey4WfsbIZXWJNXFH8DgQ4hVUxxAplwsRnxOmtiBYLWFMeXQg==
  dependencies:
    "@react-types/shared" "^3.11.2"

"@react-types/shared@3.11.0":
  version "3.11.0"
  resolved "https://registry.yarnpkg.com/@react-types/shared/-/shared-3.11.0.tgz#4c7b3c6cad52ee60a36d8b46ab8e47fd12ab854b"
  integrity sha512-BLKHwS94m+/731RZ4tgsr0uT7oJCioCNIfzFmZBZuZtASqpXJVsRhn2omweMD0e3uH2atxuwIZbf0WUW3Y6CRw==

"@react-types/shared@^3.11.0", "@react-types/shared@^3.11.1", "@react-types/shared@^3.11.2":
  version "3.11.2"
  resolved "https://registry.yarnpkg.com/@react-types/shared/-/shared-3.11.2.tgz#b269c0cf6223664ac42d980b7add1b67b51b87d4"
  integrity sha512-MIjjjkFi/DTzMVmeFJJrpc51eS/PLNzLZEv6o/QJPhQ9uOMElYqA790qAcG75u3tR0XGU2Vv9RyeOC7+ppw8/Q==

"@react-types/switch@^3.1.5":
  version "3.1.5"
  resolved "https://registry.yarnpkg.com/@react-types/switch/-/switch-3.1.5.tgz#87d5210b927dd33bfab6863fb841211c36165b9f"
  integrity sha512-ZCqMGg0NievmgMuzCuW3f/6cHO6PXbFNULd1DXaPxSxKitiDrNFrE0Y6ui3LtYhKosICJ/Z7EeEDGb8FAyyT9g==
  dependencies:
    "@react-types/checkbox" "^3.2.6"
    "@react-types/shared" "^3.11.2"

"@react-types/table@^3.1.1", "@react-types/table@^3.1.3":
  version "3.1.3"
  resolved "https://registry.yarnpkg.com/@react-types/table/-/table-3.1.3.tgz#45e3b0c0a1d6a14db32c2dbeb9e5d15e5f01940a"
  integrity sha512-l5ZmoPEnnMNUOW/mC7x/HDXC0CmHGz5IpWBPbV1aJtQCxRD42yosMaP8pT48EPZjupSeEuUGVFW2sZQlEjHbwg==
  dependencies:
    "@react-types/grid" "^3.0.3"
    "@react-types/shared" "^3.11.2"

"@stitches/react@1.2.7":
  version "1.2.7"
  resolved "https://registry.yarnpkg.com/@stitches/react/-/react-1.2.7.tgz#aea2403fac726db66d1740d29557e3910b1a1dc7"
  integrity sha512-6AxpUag7OW55ANzRnuy7R15FEyQeZ66fytVo3BBilFIU0mfo3t49CAMcEAL/A1SbhSj/FCdWkn/XrbjGBTJTzg==

"@uploadcare/client-suspense@^1.0.5":
  version "1.0.5"
  resolved "https://registry.yarnpkg.com/@uploadcare/client-suspense/-/client-suspense-1.0.5.tgz#b317b94172340104d5fc35af1b2c0f7c75e35935"
  integrity sha512-bjPBjSFcrH4uvgpZOJYcv+lKzpPntZgU8F4Ycg/KDrqCLqK6N5TCwcgDINR5g28D0+Hb61VgI5LdFsc950Cw4w==

"@uploadcare/react-widget@^1.3.10":
  version "1.3.10"
  resolved "https://registry.yarnpkg.com/@uploadcare/react-widget/-/react-widget-1.3.10.tgz#d8b808fe674091559379455ef3c536d8d87e39c8"
  integrity sha512-v9/cDxZLJR1Vsw9fVmJ0VH2pMHP8mYgU8tiYEBh8YXrR1U2jpQJc4EpAPl6GsKDspbgvpkXDIpAhyfymZ45zWg==
  dependencies:
    "@uploadcare/client-suspense" "^1.0.5"
    react-fast-compare "^3.2.0"
    uploadcare-widget "^3.17.0"

balanced-match@^1.0.0:
  version "1.0.2"
  resolved "https://registry.yarnpkg.com/balanced-match/-/balanced-match-1.0.2.tgz#e83e3a7e3f300b34cb9d87f615fa0cbf357690ee"
  integrity sha512-3oSeUO0TMV67hN1AmbXsK4yaqU7tjiHlbxRDZOpH0KW9+CeX4bRAaX0Anxt0tx2MrpRpWwQaPwIlISEJhYU5Pw==

brace-expansion@^1.1.7:
  version "1.1.11"
  resolved "https://registry.yarnpkg.com/brace-expansion/-/brace-expansion-1.1.11.tgz#3c7fcbf529d87226f3d2f52b966ff5271eb441dd"
  integrity sha512-iCuPHDFgrHX7H2vEI/5xpz07zSHB00TpugqhmYtVmMO6518mCuRMoOYFldEBl0g187ufozdaHgWKcYFb61qGiA==
  dependencies:
    balanced-match "^1.0.0"
    concat-map "0.0.1"

caniuse-lite@^1.0.30001283:
  version "1.0.30001332"
  resolved "https://registry.yarnpkg.com/caniuse-lite/-/caniuse-lite-1.0.30001332.tgz#39476d3aa8d83ea76359c70302eafdd4a1d727dd"
  integrity sha512-10T30NYOEQtN6C11YGg411yebhvpnC6Z102+B95eAsN0oB6KUs01ivE8u+G6FMIRtIrVlYXhL+LUwQ3/hXwDWw==

canvas-confetti@^1.5.1:
  version "1.5.1"
  resolved "https://registry.yarnpkg.com/canvas-confetti/-/canvas-confetti-1.5.1.tgz#bf5b8622ef3bcd347378a972fc4194a89cfe0c9b"
  integrity sha512-Ncz+oZJP6OvY7ti4E1slxVlyAV/3g7H7oQtcCDXgwGgARxPnwYY9PW5Oe+I8uvspYNtuHviAdgA0LfcKFWJfpg==

clsx@^1.1.1:
  version "1.1.1"
  resolved "https://registry.yarnpkg.com/clsx/-/clsx-1.1.1.tgz#98b3134f9abbdf23b2663491ace13c5c03a73188"
  integrity sha512-6/bPho624p3S2pMyvP5kKBPXnI3ufHLObBFCfgx+LkeR5lg2XYy2hqZqUf45ypD8COn2bhgGJSUE+l5dhNBieA==

concat-map@0.0.1:
  version "0.0.1"
  resolved "https://registry.yarnpkg.com/concat-map/-/concat-map-0.0.1.tgz#d8a96bd77fd68df7793a73036a3ba0d5405d477b"
  integrity sha1-2Klr13/Wjfd5OnMDajug1UBdR3s=

cookie@^0.4.1:
  version "0.4.2"
  resolved "https://registry.yarnpkg.com/cookie/-/cookie-0.4.2.tgz#0e41f24de5ecf317947c82fc789e06a884824432"
  integrity sha512-aSWTXFzaKWkvHO1Ny/s+ePFpvKsPnjc551iI41v3ny/ow6tBG5Vd+FuqGNhh1LxOmVzOlGUriIlOaokOvhaStA==

escape-html@^1.0.3:
  version "1.0.3"
  resolved "https://registry.yarnpkg.com/escape-html/-/escape-html-1.0.3.tgz#0258eae4d3d0c0974de1c169188ef0051d1d1988"
  integrity sha1-Aljq5NPQwJdN4cFpGI7wBR0dGYg=

eventemitter3@^4.0.4:
  version "4.0.7"
  resolved "https://registry.yarnpkg.com/eventemitter3/-/eventemitter3-4.0.7.tgz#2de9b68f6528d5644ef5c59526a1b4a07306169f"
  integrity sha512-8guHBZCwKnFhYdHr2ysuRWErTwhoN2X8XELRlrRwpmfeY2jjuUN4taQMsULKUVo1K4DvZl+0pgfyoysHxvmvEw==

fast-deep-equal@^3.1.3:
  version "3.1.3"
  resolved "https://registry.yarnpkg.com/fast-deep-equal/-/fast-deep-equal-3.1.3.tgz#3a7d56b559d6cbc3eb512325244e619a65c6c525"
  integrity sha512-f3qQ9oQy9j2AhBe/H9VC91wLmKBCCU/gDOnKNAYG5hswO7BLKj09Hc5HYNz9cGI++xlpDCIgDaitVs03ATR84Q==

fs.realpath@^1.0.0:
  version "1.0.0"
  resolved "https://registry.yarnpkg.com/fs.realpath/-/fs.realpath-1.0.0.tgz#1504ad2523158caa40db4a2787cb01411994ea4f"
  integrity sha1-FQStJSMVjKpA20onh8sBQRmU6k8=

glob@^7.1.3:
  version "7.2.0"
  resolved "https://registry.yarnpkg.com/glob/-/glob-7.2.0.tgz#d15535af7732e02e948f4c41628bd910293f6023"
  integrity sha512-lmLf6gtyrPq8tTjSmrO94wBeQbFR3HbLHbuyD69wuyQkImp2hWqMGB47OX65FBkPffO641IP9jWa1z4ivqG26Q==
  dependencies:
    fs.realpath "^1.0.0"
    inflight "^1.0.4"
    inherits "2"
    minimatch "^3.0.4"
    once "^1.3.0"
    path-is-absolute "^1.0.0"

goober@^2.1.1:
  version "2.1.8"
  resolved "https://registry.yarnpkg.com/goober/-/goober-2.1.8.tgz#e592c04d093cb38f77b38cfcb012b7811c85765e"
  integrity sha512-S0C85gCzcfFCMSdjD/CxyQMt1rbf2qEg6hmDzxk2FfD7+7Ogk55m8ZFUMtqNaZM4VVX/qaU9AzSORG+Gf4ZpAQ==

google-map-react@^2.1.10:
  version "2.1.10"
  resolved "https://registry.yarnpkg.com/google-map-react/-/google-map-react-2.1.10.tgz#16b5b699f257d6008dc9333d0bbbf1ab5b31fa42"
  integrity sha512-cqW2EcygYqF26inp5liM/pAcCwOGXB9LW32oGwf931Iuq8tnasCpyEtq87G+RyQCKCo2P8/QyV+MGHuc7r9AEg==
  dependencies:
    "@googlemaps/js-api-loader" "^1.7.0"
    "@mapbox/point-geometry" "^0.1.0"
    eventemitter3 "^4.0.4"
    prop-types "^15.7.2"

inflight@^1.0.4:
  version "1.0.6"
  resolved "https://registry.yarnpkg.com/inflight/-/inflight-1.0.6.tgz#49bd6331d7d02d0c09bc910a1075ba8165b56df9"
  integrity sha1-Sb1jMdfQLQwJvJEKEHW6gWW1bfk=
  dependencies:
    once "^1.3.0"
    wrappy "1"

inherits@2:
  version "2.0.4"
  resolved "https://registry.yarnpkg.com/inherits/-/inherits-2.0.4.tgz#0fa2c64f932917c3433a0ded55363aae37416b7c"
  integrity sha512-k/vGaX4/Yla3WzyMCvTQOXYeIHvqOKtnqBduzTHpzpQZzAskKMhZ2K+EnBiSM9zGSoIFeMpXKxa4dYeZIQqewQ==

intl-messageformat@^9.6.12:
  version "9.12.0"
  resolved "https://registry.yarnpkg.com/intl-messageformat/-/intl-messageformat-9.12.0.tgz#b69d042fa7db229e799eaf3afb09f8ceadd306e7"
  integrity sha512-5Q9j21JreB1G27/CqMYsA+pvJ19JjHyhiTSeUuvZK9BCDJGHtOLgpUUcGM+GLHiUuoVMKVeeX1smamiVHQrSKQ==
  dependencies:
    "@formatjs/ecma402-abstract" "1.11.4"
    "@formatjs/fast-memoize" "1.2.1"
    "@formatjs/icu-messageformat-parser" "2.0.19"
    tslib "^2.1.0"

jose@^4.1.4, jose@^4.3.7:
  version "4.6.1"
  resolved "https://registry.yarnpkg.com/jose/-/jose-4.6.1.tgz#241472ff928c79b2e2e2fe4c1056b3085384ec42"
  integrity sha512-EFnufEivlIB6j7+JwaenYQzdUDs/McajDr9WnhT6EI0WxbexnfuZimpWX1GnobF6OnQsUFmWFXUXdWyZHWdQow==

jquery@^3.6.0:
  version "3.6.0"
  resolved "https://registry.yarnpkg.com/jquery/-/jquery-3.6.0.tgz#c72a09f15c1bdce142f49dbf1170bdf8adac2470"
  integrity sha512-JVzAR/AjBvVt2BmYhxRCSYysDsPcssdmTFnzyLEts9qNwmjmu4JTAMYubEfwVOSwpQ1I1sKKFcxhZCI2buerfw==

"js-tokens@^3.0.0 || ^4.0.0":
  version "4.0.0"
  resolved "https://registry.yarnpkg.com/js-tokens/-/js-tokens-4.0.0.tgz#19203fb59991df98e3a287050d4647cdeaf32499"
  integrity sha512-RdJUflcE3cUzKiMqQgsCu06FPu9UdIJO0beYbPhHN4k6apgJtifcoCtT9bcxOpYBtpD2kCM6Sbzg4CausW/PKQ==

loose-envify@^1.1.0, loose-envify@^1.4.0:
  version "1.4.0"
  resolved "https://registry.yarnpkg.com/loose-envify/-/loose-envify-1.4.0.tgz#71ee51fa7be4caec1a63839f7e682d8132d30caf"
  integrity sha512-lyuxPGr/Wfhrlem2CL/UcnUc1zcqKAImBDzukY7Y5F/yQiNdko6+fRLevlw1HgMySw7f611UIY408EtxRSoK3Q==
  dependencies:
    js-tokens "^3.0.0 || ^4.0.0"

lru-cache@^6.0.0:
  version "6.0.0"
  resolved "https://registry.yarnpkg.com/lru-cache/-/lru-cache-6.0.0.tgz#6d6fe6570ebd96aaf90fcad1dafa3b2566db3a94"
  integrity sha512-Jo6dJ04CmSjuznwJSS3pUeWmd/H0ffTlkXXgwZi+eq1UCmqQwCh+eLsYOYCwY991i2Fah4h1BEMCx4qThGbsiA==
  dependencies:
    yallist "^4.0.0"

minimatch@^3.0.4:
  version "3.1.2"
  resolved "https://registry.yarnpkg.com/minimatch/-/minimatch-3.1.2.tgz#19cd194bfd3e428f049a70817c038d89ab4be35b"
  integrity sha512-J7p63hRiAjw1NDEww1W7i37+ByIrOWO5XQQAzZ3VOcL0PNybwpfmV/N05zFAzwQ9USyEcX6t3UO+K5aqBQOIHw==
  dependencies:
    brace-expansion "^1.1.7"

nanoid@^3.1.30:
  version "3.3.2"
  resolved "https://registry.yarnpkg.com/nanoid/-/nanoid-3.3.2.tgz#c89622fafb4381cd221421c69ec58547a1eec557"
  integrity sha512-CuHBogktKwpm5g2sRgv83jEy2ijFzBwMoYA60orPDR7ynsLijJDqgsi4RDGj3OJpy3Ieb+LYwiRmIOGyytgITA==

next-auth@^4.3.2:
  version "4.3.2"
  resolved "https://registry.yarnpkg.com/next-auth/-/next-auth-4.3.2.tgz#eb4976511fb19766d0397bd4de45eee87c5c1998"
  integrity sha512-yj9HN9p81Fg3dkrq4Y0FxjfgupiABac7o+ve47j5GPLjo1qE2FFX1pr7g7mwQ1HDUCoGhLmgBpFBR8+pdWgFfQ==
  dependencies:
    "@babel/runtime" "^7.16.3"
    "@panva/hkdf" "^1.0.1"
    cookie "^0.4.1"
    jose "^4.3.7"
    oauth "^0.9.15"
    openid-client "^5.1.0"
    preact "^10.6.3"
    preact-render-to-string "^5.1.19"
    uuid "^8.3.2"

next@^12.1.5:
  version "12.1.5"
  resolved "https://registry.yarnpkg.com/next/-/next-12.1.5.tgz#7a07687579ddce61ee519493e1c178d83abac063"
  integrity sha512-YGHDpyfgCfnT5GZObsKepmRnne7Kzp7nGrac07dikhutWQug7hHg85/+sPJ4ZW5Q2pDkb+n0FnmLkmd44htIJQ==
  dependencies:
    "@next/env" "12.1.5"
    caniuse-lite "^1.0.30001283"
    postcss "8.4.5"
    styled-jsx "5.0.1"
  optionalDependencies:
    "@next/swc-android-arm-eabi" "12.1.5"
    "@next/swc-android-arm64" "12.1.5"
    "@next/swc-darwin-arm64" "12.1.5"
    "@next/swc-darwin-x64" "12.1.5"
    "@next/swc-linux-arm-gnueabihf" "12.1.5"
    "@next/swc-linux-arm64-gnu" "12.1.5"
    "@next/swc-linux-arm64-musl" "12.1.5"
    "@next/swc-linux-x64-gnu" "12.1.5"
    "@next/swc-linux-x64-musl" "12.1.5"
    "@next/swc-win32-arm64-msvc" "12.1.5"
    "@next/swc-win32-ia32-msvc" "12.1.5"
    "@next/swc-win32-x64-msvc" "12.1.5"

oauth@^0.9.15:
  version "0.9.15"
  resolved "https://registry.yarnpkg.com/oauth/-/oauth-0.9.15.tgz#bd1fefaf686c96b75475aed5196412ff60cfb9c1"
  integrity sha1-vR/vr2hslrdUda7VGWQS/2DPucE=

object-assign@^4.1.1:
  version "4.1.1"
  resolved "https://registry.yarnpkg.com/object-assign/-/object-assign-4.1.1.tgz#2109adc7965887cfc05cbbd442cac8bfbb360863"
  integrity sha1-IQmtx5ZYh8/AXLvUQsrIv7s2CGM=

object-hash@^2.0.1:
  version "2.2.0"
  resolved "https://registry.yarnpkg.com/object-hash/-/object-hash-2.2.0.tgz#5ad518581eefc443bd763472b8ff2e9c2c0d54a5"
  integrity sha512-gScRMn0bS5fH+IuwyIFgnh9zBdo4DV+6GhygmWM9HyNJSgS0hScp1f5vjtm7oIIOiT9trXrShAkLFSc2IqKNgw==

oidc-token-hash@^5.0.1:
  version "5.0.1"
  resolved "https://registry.yarnpkg.com/oidc-token-hash/-/oidc-token-hash-5.0.1.tgz#ae6beec3ec20f0fd885e5400d175191d6e2f10c6"
  integrity sha512-EvoOtz6FIEBzE+9q253HsLCVRiK/0doEJ2HCvvqMQb3dHZrP3WlJKYtJ55CRTw4jmYomzH4wkPuCj/I3ZvpKxQ==

once@^1.3.0:
  version "1.4.0"
  resolved "https://registry.yarnpkg.com/once/-/once-1.4.0.tgz#583b1aa775961d4b113ac17d9c50baef9dd76bd1"
  integrity sha1-WDsap3WWHUsROsF9nFC6753Xa9E=
  dependencies:
    wrappy "1"

openid-client@^5.1.0:
  version "5.1.5"
  resolved "https://registry.yarnpkg.com/openid-client/-/openid-client-5.1.5.tgz#cac1e50015937e5af70be45e1ae5b1cb113f1f74"
  integrity sha512-m41p7V/iXyqc0WZeo20uwKk8NPDAtYd3JS0uWjttcqwvFo4YNYAKegMAMea1qG5RClddQ6rV9ec/TP6ZvsCrYw==
  dependencies:
    jose "^4.1.4"
    lru-cache "^6.0.0"
    object-hash "^2.0.1"
    oidc-token-hash "^5.0.1"

path-is-absolute@^1.0.0:
  version "1.0.1"
  resolved "https://registry.yarnpkg.com/path-is-absolute/-/path-is-absolute-1.0.1.tgz#174b9268735534ffbc7ace6bf53a5a9e1b5c5f5f"
  integrity sha1-F0uSaHNVNP+8es5r9TpanhtcX18=

picocolors@^1.0.0:
  version "1.0.0"
  resolved "https://registry.yarnpkg.com/picocolors/-/picocolors-1.0.0.tgz#cb5bdc74ff3f51892236eaf79d68bc44564ab81c"
  integrity sha512-1fygroTLlHu66zi26VoTDv8yRgm0Fccecssto+MhsZ0D/DGW2sm8E8AjW7NU5VVTRt5GxbeZ5qBuJr+HyLYkjQ==

postcss@8.4.5:
  version "8.4.5"
  resolved "https://registry.yarnpkg.com/postcss/-/postcss-8.4.5.tgz#bae665764dfd4c6fcc24dc0fdf7e7aa00cc77f95"
  integrity sha512-jBDboWM8qpaqwkMwItqTQTiFikhs/67OYVvblFFTM7MrZjt6yMKd6r2kgXizEbTTljacm4NldIlZnhbjr84QYg==
  dependencies:
    nanoid "^3.1.30"
    picocolors "^1.0.0"
    source-map-js "^1.0.1"

preact-render-to-string@^5.1.19:
  version "5.1.21"
  resolved "https://registry.yarnpkg.com/preact-render-to-string/-/preact-render-to-string-5.1.21.tgz#7329a59191d2ca7a40635828c7058f64ffe17639"
  integrity sha512-wbMtNU4JpfvbE04iCe7BZ1yLYN8i6NRrq+NhR0fUINjPXGu3ZIc4GM5ScOiwdIP1sPXv9SVETuud/tmQGMvdNQ==
  dependencies:
    pretty-format "^3.8.0"

preact@^10.6.3:
  version "10.7.1"
  resolved "https://registry.yarnpkg.com/preact/-/preact-10.7.1.tgz#bdd2b2dce91a5842c3b9b34dfe050e5401068c9e"
  integrity sha512-MufnRFz39aIhs9AMFisonjzTud1PK1bY+jcJLo6m2T9Uh8AqjD77w11eAAawmjUogoGOnipECq7e/1RClIKsxg==

pretty-format@^3.8.0:
  version "3.8.0"
  resolved "https://registry.yarnpkg.com/pretty-format/-/pretty-format-3.8.0.tgz#bfbed56d5e9a776645f4b1ff7aa1a3ac4fa3c385"
  integrity sha1-v77VbV6ad2ZF9LH/eqGjrE+jw4U=

prisma@^3.12.0:
  version "3.12.0"
  resolved "https://registry.yarnpkg.com/prisma/-/prisma-3.12.0.tgz#9675e0e72407122759d3eadcb6d27cdccd3497bd"
  integrity sha512-ltCMZAx1i0i9xuPM692Srj8McC665h6E5RqJom999sjtVSccHSD8Z+HSdBN2183h9PJKvC5dapkn78dd0NWMBg==
  dependencies:
    "@prisma/engines" "3.12.0-37.22b822189f46ef0dc5c5b503368d1bee01213980"

prop-types@^15.7.2:
  version "15.8.1"
  resolved "https://registry.yarnpkg.com/prop-types/-/prop-types-15.8.1.tgz#67d87bf1a694f48435cf332c24af10214a3140b5"
  integrity sha512-oj87CgZICdulUohogVAR7AjlC0327U4el4L6eAvOqCeudMDVU0NThNaV+b9Df4dXgSP1gXMTnPdhfe/2qDH5cg==
  dependencies:
    loose-envify "^1.4.0"
    object-assign "^4.1.1"
    react-is "^16.13.1"

react-dom@^18.0.0:
  version "18.0.0"
  resolved "https://registry.yarnpkg.com/react-dom/-/react-dom-18.0.0.tgz#26b88534f8f1dbb80853e1eabe752f24100d8023"
  integrity sha512-XqX7uzmFo0pUceWFCt7Gff6IyIMzFUn7QMZrbrQfGxtaxXZIcGQzoNpRLE3fQLnS4XzLLPMZX2T9TRcSrasicw==
  dependencies:
    loose-envify "^1.1.0"
    scheduler "^0.21.0"

react-fast-compare@^3.2.0:
  version "3.2.0"
  resolved "https://registry.yarnpkg.com/react-fast-compare/-/react-fast-compare-3.2.0.tgz#641a9da81b6a6320f270e89724fb45a0b39e43bb"
  integrity sha512-rtGImPZ0YyLrscKI9xTpV8psd6I8VAtjKCzQDlzyDvqJA8XOW78TXYQwNRNd8g8JZnDu8q9Fu/1v4HPAVwVdHA==

react-hook-form@^7.29.0:
  version "7.29.0"
  resolved "https://registry.yarnpkg.com/react-hook-form/-/react-hook-form-7.29.0.tgz#5e7e41a483b70731720966ed8be52163ea1fecf1"
  integrity sha512-NcJqWRF6el5HMW30fqZRt27s+lorvlCCDbTpAyHoodQeYWXgQCvZJJQLC1kRMKdrJknVH0NIg3At6TUzlZJFOQ==

react-hot-toast@^2.2.0:
  version "2.2.0"
  resolved "https://registry.yarnpkg.com/react-hot-toast/-/react-hot-toast-2.2.0.tgz#ab6f4caed4214b9534f94bb8cfaaf21b051e62b9"
  integrity sha512-248rXw13uhf/6TNDVzagX+y7R8J183rp7MwUMNkcrBRyHj/jWOggfXTGlM8zAOuh701WyVW+eUaWG2LeSufX9g==
  dependencies:
    goober "^2.1.1"

react-is@^16.13.1:
  version "16.13.1"
  resolved "https://registry.yarnpkg.com/react-is/-/react-is-16.13.1.tgz#789729a4dc36de2999dc156dd6c1d9c18cea56a4"
  integrity sha512-24e6ynE2H+OKt4kqsOvNd8kBpV65zoxbA4BVsEOB3ARVWQki/DHzaUoC5KuON/BiccDaCCTZBuOcfZs70kR8bQ==

react-paypal-button-v2@^2.6.3:
  version "2.6.3"
  resolved "https://registry.yarnpkg.com/react-paypal-button-v2/-/react-paypal-button-v2-2.6.3.tgz#9f037317d9f836b34b9cdbf1830d46d85392a47a"
  integrity sha512-Kt0QxWjZn+RnIbbFPHDfH8iHwMqe/jG5+SkKElEJ0Fg+CM9yeK37y8zQW97l5C9P9D1yPacW5YNAnuxmI9uS9w==
  dependencies:
    prop-types "^15.7.2"
    rimraf "^3.0.0"

react@^18.0.0:
  version "18.0.0"
  resolved "https://registry.yarnpkg.com/react/-/react-18.0.0.tgz#b468736d1f4a5891f38585ba8e8fb29f91c3cb96"
  integrity sha512-x+VL6wbT4JRVPm7EGxXhZ8w8LTROaxPXOqhlGyVSrv0sB1jkyFGgXxJ8LVoPRLvPR6/CIZGFmfzqUa2NYeMr2A==
  dependencies:
    loose-envify "^1.1.0"

regenerator-runtime@^0.13.4:
  version "0.13.9"
  resolved "https://registry.yarnpkg.com/regenerator-runtime/-/regenerator-runtime-0.13.9.tgz#8925742a98ffd90814988d7566ad30ca3b263b52"
  integrity sha512-p3VT+cOEgxFsRRA9X4lkI1E+k2/CtnKtU4gcxyaCUreilL/vqI6CdZ3wxVUx3UOUg+gnUOQQcRI7BmSI656MYA==

rimraf@^3.0.0:
  version "3.0.2"
  resolved "https://registry.yarnpkg.com/rimraf/-/rimraf-3.0.2.tgz#f1a5402ba6220ad52cc1282bac1ae3aa49fd061a"
  integrity sha512-JZkJMZkAGFFPP2YqXZXPbMlMBgsxzE8ILs4lMIX/2o0L9UBw9O/Y3o6wFw/i9YLapcUJWwqbi3kdxIPdC62TIA==
  dependencies:
    glob "^7.1.3"

scheduler@^0.21.0:
  version "0.21.0"
  resolved "https://registry.yarnpkg.com/scheduler/-/scheduler-0.21.0.tgz#6fd2532ff5a6d877b6edb12f00d8ab7e8f308820"
  integrity sha512-1r87x5fz9MXqswA2ERLo0EbOAU74DpIUO090gIasYTqlVoJeMcl+Z1Rg7WHz+qtPujhS/hGIt9kxZOYBV3faRQ==
  dependencies:
    loose-envify "^1.1.0"

source-map-js@^1.0.1:
  version "1.0.2"
  resolved "https://registry.yarnpkg.com/source-map-js/-/source-map-js-1.0.2.tgz#adbc361d9c62df380125e7f161f71c826f1e490c"
  integrity sha512-R0XvVJ9WusLiqTCEiGCmICCMplcCkIwwR11mOSD9CR5u+IXYdiseeEuXCVAjS54zqwkLcPNnmU4OeJ6tUrWhDw==

styled-jsx@5.0.1:
  version "5.0.1"
  resolved "https://registry.yarnpkg.com/styled-jsx/-/styled-jsx-5.0.1.tgz#78fecbbad2bf95ce6cd981a08918ce4696f5fc80"
  integrity sha512-+PIZ/6Uk40mphiQJJI1202b+/dYeTVd9ZnMPR80pgiWbjIwvN2zIp4r9et0BgqBuShh48I0gttPlAXA7WVvBxw==

tslib@^2.1.0:
  version "2.3.1"
  resolved "https://registry.yarnpkg.com/tslib/-/tslib-2.3.1.tgz#e8a335add5ceae51aa261d32a490158ef042ef01"
  integrity sha512-77EbyPPpMz+FRFRuAFlWMtmgUWGe9UOG2Z25NqCwiIjRhOf5iKGuzSe5P2w1laq+FkRy4p+PCuVkJSGkzTEKVw==

uploadcare-widget@^3.17.0:
  version "3.17.2"
  resolved "https://registry.yarnpkg.com/uploadcare-widget/-/uploadcare-widget-3.17.2.tgz#5e09d8c0000eb3653afd9a7ff1d502fb874bbcf7"
  integrity sha512-A9fDKCguevWcFaMCrHROtYzwnMZbOozER6Dru+4zrZH1pP0S7zI/g+7wLv+5U4XZTc5m+4ZrwHrZJzkIRnWeMQ==
  dependencies:
    escape-html "^1.0.3"
    jquery "^3.6.0"

uuid@^8.3.2:
  version "8.3.2"
  resolved "https://registry.yarnpkg.com/uuid/-/uuid-8.3.2.tgz#80d5b5ced271bb9af6c445f21a1a04c606cefbe2"
  integrity sha512-+NYs2QeMWy+GWFOEm9xnn6HCDp0l7QBD7ml8zLUmJ+93Q5NF0NocErnwkTkXVFNiX3/fpC6afS8Dhb/gz7R7eg==

wrappy@1:
  version "1.0.2"
  resolved "https://registry.yarnpkg.com/wrappy/-/wrappy-1.0.2.tgz#b5243d8f3ec1aa35f1364605bc0d1036e30ab69f"
  integrity sha1-tSQ9jz7BqjXxNkYFvA0QNuMKtp8=

yallist@^4.0.0:
  version "4.0.0"
  resolved "https://registry.yarnpkg.com/yallist/-/yallist-4.0.0.tgz#9bb92790d9c0effec63be73519e11a35019a3a72"
  integrity sha512-3wdGidZyq5PB084XLES5TpOSRA3wjXAlIWMhum2kRcv/41Sn2emQ0dycQW4uZXLejwKvg6EsvbdlVL+FYEct7A==
